
Microsoft Visual Studio Solution File, Format Version 12.00
# Visual Studio Version 16
VisualStudioVersion = 16.0.31112.23
MinimumVisualStudioVersion = 10.0.40219.1
Project("{FAE04EC0-301F-11D3-BF4B-00C04F79EFBC}") = "PrettyBlazorDemo", "PrettyBlazorDemo\PrettyBlazorDemo.csproj", "{BA542DAE-D958-4CC8-A999-75B4A4907416}"
EndProject
Global
	GlobalSection(SolutionConfigurationPlatforms) = preSolution
		Debug|Any CPU = Debug|Any CPU
		Release|Any CPU = Release|Any CPU
	EndGlobalSection
	GlobalSection(ProjectConfigurationPlatforms) = postSolution
		{BA542DAE-D958-4CC8-A999-75B4A4907416}.Debug|Any CPU.ActiveCfg = Debug|Any CPU
		{BA542DAE-D958-4CC8-A999-75B4A4907416}.Debug|Any CPU.Build.0 = Debug|Any CPU
		{BA542DAE-D958-4CC8-A999-75B4A4907416}.Release|Any CPU.ActiveCfg = Release|Any CPU
		{BA542DAE-D958-4CC8-A999-75B4A4907416}.Release|Any CPU.Build.0 = Release|Any CPU
	EndGlobalSection
	GlobalSection(SolutionProperties) = preSolution
		HideSolutionNode = FALSE
	EndGlobalSection
	GlobalSection(ExtensibilityGlobals) = postSolution
		SolutionGuid = {19703CFD-7DC3-4E8C-ACD4-82DE9FE7FF07}
	EndGlobalSection
EndGlobal
